<?xml version="1.0" encoding="utf-8"?>
<Project ToolsVersion="4.0" xmlns="http://schemas.microsoft.com/developer/msbuild/2003">
  <ItemGroup>
    <Filter Include="Source Files">
      <UniqueIdentifier>{4FC737F1-C7A5-4376-A066-2A32D752A2FF}</UniqueIdentifier>
      <Extensions>cpp;c;cc;cxx;c++;cppm;ixx;def;odl;idl;hpj;bat;asm;asmx</Extensions>
    </Filter>
    <Filter Include="Header Files">
      <UniqueIdentifier>{93995380-89BD-4b04-88EB-625FBE52EBFB}</UniqueIdentifier>
      <Extensions>h;hh;hpp;hxx;h++;hm;inl;inc;ipp;xsd</Extensions>
    </Filter>
    <Filter Include="Resource Files">
      <UniqueIdentifier>{67DA6AB6-F800-4c08-8B7A-83BB121AAD01}</UniqueIdentifier>
      <Extensions>rc;ico;cur;bmp;dlg;rc2;rct;bin;rgs;gif;jpg;jpeg;jpe;resx;tiff;tif;png;wav;mfcribbon-ms</Extensions>
    </Filter>
  </ItemGroup>
  <ItemGroup>
    <ClCompile Include="source\AddAParkingSpotOperation.cpp">
      <Filter>Source Files</Filter>
    </ClCompile>
    <ClCompile Include="source\BookASpotOperation.cpp">
      <Filter>Source Files</Filter>
    </ClCompile>
    <ClCompile Include="source\Calendar.cpp">
      <Filter>Source Files</Filter>
    </ClCompile>
    <ClCompile Include="source\CheckExpirationOperation.cpp">
      <Filter>Source Files</Filter>
    </ClCompile>
    <ClCompile Include="source\Date.cpp">
      <Filter>Source Files</Filter>
    </ClCompile>
    <ClCompile Include="source\DisplayYourReservationOperation.cpp">
      <Filter>Source Files</Filter>
    </ClCompile>
    <ClCompile Include="source\Driver.cpp">
      <Filter>Source Files</Filter>
    </ClCompile>
    <ClCompile Include="source\ExceptionOperation.cpp">
      <Filter>Source Files</Filter>
    </ClCompile>
    <ClCompile Include="source\ExitOperation.cpp">
      <Filter>Source Files</Filter>
    </ClCompile>
    <ClCompile Include="source\ExpensiveInterval.cpp">
      <Filter>Source Files</Filter>
    </ClCompile>
    <ClCompile Include="source\main.cpp">
      <Filter>Source Files</Filter>
    </ClCompile>
    <ClCompile Include="source\Menu.cpp">
      <Filter>Source Files</Filter>
    </ClCompile>
    <ClCompile Include="source\ParkingReservation.cpp">
      <Filter>Source Files</Filter>
    </ClCompile>
    <ClCompile Include="source\ParkSpot.cpp">
      <Filter>Source Files</Filter>
    </ClCompile>
    <ClCompile Include="source\RemoveABookedSpotOperation.cpp">
      <Filter>Source Files</Filter>
    </ClCompile>
    <ClCompile Include="source\RemoveAParkingSpotOperation.cpp">
      <Filter>Source Files</Filter>
    </ClCompile>
    <ClCompile Include="source\Spot.cpp">
      <Filter>Source Files</Filter>
    </ClCompile>
    <ClCompile Include="source\Time.cpp">
      <Filter>Source Files</Filter>
    </ClCompile>
    <ClCompile Include="source\TimeInterval.cpp">
      <Filter>Source Files</Filter>
    </ClCompile>
  </ItemGroup>
  <ItemGroup>
    <ClInclude Include="includes\AddAParkingSpotOperation.h">
      <Filter>Header Files</Filter>
    </ClInclude>
    <ClInclude Include="includes\BookASpotOperation.h">
      <Filter>Header Files</Filter>
    </ClInclude>
    <ClInclude Include="includes\Calendar.h">
      <Filter>Header Files</Filter>
    </ClInclude>
    <ClInclude Include="includes\CheckExpirationOperation.h">
      <Filter>Header Files</Filter>
    </ClInclude>
    <ClInclude Include="includes\Date.h">
      <Filter>Header Files</Filter>
    </ClInclude>
    <ClInclude Include="includes\DisplayYourReservationOperation.h">
      <Filter>Header Files</Filter>
    </ClInclude>
    <ClInclude Include="includes\Driver.h">
      <Filter>Header Files</Filter>
    </ClInclude>
    <ClInclude Include="includes\ExceptionOperation.h">
      <Filter>Header Files</Filter>
    </ClInclude>
    <ClInclude Include="includes\ExitOperation.h">
      <Filter>Header Files</Filter>
    </ClInclude>
    <ClInclude Include="includes\ExpensiveInterval.h">
      <Filter>Header Files</Filter>
    </ClInclude>
    <ClInclude Include="includes\Menu.h">
      <Filter>Header Files</Filter>
    </ClInclude>
    <ClInclude Include="includes\Operation.h">
      <Filter>Header Files</Filter>
    </ClInclude>
    <ClInclude Include="includes\ParkingReservation.h">
      <Filter>Header Files</Filter>
    </ClInclude>
    <ClInclude Include="includes\ParkSpot.h">
      <Filter>Header Files</Filter>
    </ClInclude>
    <ClInclude Include="includes\RemoveABookedSpotOperation.h">
      <Filter>Header Files</Filter>
    </ClInclude>
    <ClInclude Include="includes\RemoveAParkingSpotOperation.h">
      <Filter>Header Files</Filter>
    </ClInclude>
    <ClInclude Include="includes\Spot.h">
      <Filter>Header Files</Filter>
    </ClInclude>
    <ClInclude Include="includes\Time.h">
      <Filter>Header Files</Filter>
    </ClInclude>
    <ClInclude Include="includes\TimeInterval.h">
      <Filter>Header Files</Filter>
    </ClInclude>
  </ItemGroup>
</Project>